
Microsoft Visual Studio Solution File, Format Version 12.00
# Visual Studio Version 17
VisualStudioVersion = 17.0.31903.59
MinimumVisualStudioVersion = 10.0.40219.1
Project("{FAE04EC0-301F-11D3-BF4B-00C04F79EFBC}") = "API_1", "API_1\API_1.csproj", "{BEDD1575-49CE-47A5-ABCC-086BD4BB21FF}"
EndProject
Project("{FAE04EC0-301F-11D3-BF4B-00C04F79EFBC}") = "API_2", "API_2\API_2.csproj", "{73EA7B6A-7F05-43B3-9B69-62D4B041DFFD}"
EndProject
Global
	GlobalSection(SolutionConfigurationPlatforms) = preSolution
		Debug|Any CPU = Debug|Any CPU
		Release|Any CPU = Release|Any CPU
	EndGlobalSection
	GlobalSection(ProjectConfigurationPlatforms) = postSolution
		{BEDD1575-49CE-47A5-ABCC-086BD4BB21FF}.Debug|Any CPU.ActiveCfg = Debug|Any CPU
		{BEDD1575-49CE-47A5-ABCC-086BD4BB21FF}.Debug|Any CPU.Build.0 = Debug|Any CPU
		{BEDD1575-49CE-47A5-ABCC-086BD4BB21FF}.Release|Any CPU.ActiveCfg = Release|Any CPU
		{BEDD1575-49CE-47A5-ABCC-086BD4BB21FF}.Release|Any CPU.Build.0 = Release|Any CPU
		{73EA7B6A-7F05-43B3-9B69-62D4B041DFFD}.Debug|Any CPU.ActiveCfg = Debug|Any CPU
		{73EA7B6A-7F05-43B3-9B69-62D4B041DFFD}.Debug|Any CPU.Build.0 = Debug|Any CPU
		{73EA7B6A-7F05-43B3-9B69-62D4B041DFFD}.Release|Any CPU.ActiveCfg = Release|Any CPU
		{73EA7B6A-7F05-43B3-9B69-62D4B041DFFD}.Release|Any CPU.Build.0 = Release|Any CPU
	EndGlobalSection
	GlobalSection(SolutionProperties) = preSolution
		HideSolutionNode = FALSE
	EndGlobalSection
EndGlobal
